// !$*UTF8*$!
{
	archiveVersion = 1;
	classes = {
	};
	objectVersion = 50;
	objects = {

/* Begin PBXBuildFile section */
		20FFD5C0237570F3006AF384 /* AppDelegate.swift in Sources */ = {isa = PBXBuildFile; fileRef = 20FFD5BF237570F3006AF384 /* AppDelegate.swift */; };
		20FFD5C2237570F3006AF384 /* SceneDelegate.swift in Sources */ = {isa = PBXBuildFile; fileRef = 20FFD5C1237570F3006AF384 /* SceneDelegate.swift */; };
		20FFD5C4237570F3006AF384 /* ViewController.swift in Sources */ = {isa = PBXBuildFile; fileRef = 20FFD5C3237570F3006AF384 /* ViewController.swift */; };
		20FFD5C7237570F3006AF384 /* Main.storyboard in Resources */ = {isa = PBXBuildFile; fileRef = 20FFD5C5237570F3006AF384 /* Main.storyboard */; };
		20FFD5C9237570F6006AF384 /* Assets.xcassets in Resources */ = {isa = PBXBuildFile; fileRef = 20FFD5C8237570F6006AF384 /* Assets.xcassets */; };
		20FFD5CC237570F6006AF384 /* LaunchScreen.storyboard in Resources */ = {isa = PBXBuildFile; fileRef = 20FFD5CA237570F6006AF384 /* LaunchScreen.storyboard */; };
/* End PBXBuildFile section */

/* Begin PBXFileReference section */
		20FFD5BC237570F3006AF384 /* UITableViewCellHeight.app */ = {isa = PBXFileReference; explicitFileType = wrapper.application; includeInIndex = 0; path = UITableViewCellHeight.app; sourceTree = BUILT_PRODUCTS_DIR; };
		20FFD5BF237570F3006AF384 /* AppDelegate.swift */ = {isa = PBXFileReference; lastKnownFileType = sourcecode.swift; path = AppDelegate.swift; sourceTree = "<group>"; };
		20FFD5C1237570F3006AF384 /* SceneDelegate.swift */ = {isa = PBXFileReference; lastKnownFileType = sourcecode.swift; path = SceneDelegate.swift; sourceTree = "<group>"; };
		20FFD5C3237570F3006AF384 /* ViewController.swift */ = {isa = PBXFileReference; lastKnownFileType = sourcecode.swift; path = ViewController.swift; sourceTree = "<group>"; };
		20FFD5C6237570F3006AF384 /* Base */ = {isa = PBXFileReference; lastKnownFileType = file.storyboard; name = Base; path = Base.lproj/Main.storyboard; sourceTree = "<group>"; };
		20FFD5C8237570F6006AF384 /* Assets.xcassets */ = {isa = PBXFileReference; lastKnownFileType = folder.assetcatalog; path = Assets.xcassets; sourceTree = "<group>"; };
		20FFD5CB237570F6006AF384 /* Base */ = {isa = PBXFileReference; lastKnownFileType = file.storyboard; name = Base; path = Base.lproj/LaunchScreen.storyboard; sourceTree = "<group>"; };
		20FFD5CD237570F6006AF384 /* Info.plist */ = {isa = PBXFileReference; lastKnownFileType = text.plist.xml; path = Info.plist; sourceTree = "<group>"; };
/* End PBXFileReference section */

/* Begin PBXFrameworksBuildPhase section */
		20FFD5B9237570F3006AF384 /* Frameworks */ = {
			isa = PBXFrameworksBuildPhase;
			buildActionMask = 2147483647;
			files = (
			);
			runOnlyForDeploymentPostprocessing = 0;
		};
/* End PBXFrameworksBuildPhase section */

/* Begin PBXGroup section */
		20FFD5B3237570F3006AF384 = {
			isa = PBXGroup;
			children = (
				20FFD5BE237570F3006AF384 /* UITableViewCellHeight */,
				20FFD5BD237570F3006AF384 /* Products */,
			);
			sourceTree = "<group>";
		};
		20FFD5BD237570F3006AF384 /* Products */ = {
			isa = PBXGroup;
			children = (
				20FFD5BC237570F3006AF384 /* UITableViewCellHeight.app */,
			);
			name = Products;
			sourceTree = "<group>";
		};
		20FFD5BE237570F3006AF384 /* UITableViewCellHeight */ = {
			isa = PBXGroup;
			children = (
				20FFD5BF237570F3006AF384 /* AppDelegate.swift */,
				20FFD5C1237570F3006AF384 /* SceneDelegate.swift */,
				20FFD5C3237570F3006AF384 /* ViewController.swift */,
				20FFD5C5237570F3006AF384 /* Main.storyboard */,
				20FFD5C8237570F6006AF384 /* Assets.xcassets */,
				20FFD5CA237570F6006AF384 /* LaunchScreen.storyboard */,
				20FFD5CD237570F6006AF384 /* Info.plist */,
			);
			path = UITableViewCellHeight;
			sourceTree = "<group>";
		};
/* End PBXGroup section */

/* Begin PBXNativeTarget section */
		20FFD5BB237570F3006AF384 /* UITableViewCellHeight */ = {
			isa = PBXNativeTarget;
			buildConfigurationList = 20FFD5D0237570F6006AF384 /* Build configuration list for PBXNativeTarget "UITableViewCellHeight" */;
			buildPhases = (
				20FFD5B8237570F3006AF384 /* Sources */,
				20FFD5B9237570F3006AF384 /* Frameworks */,
				20FFD5BA237570F3006AF384 /* Resources */,
			);
			buildRules = (
			);
			dependencies = (
			);
			name = UITableViewCellHeight;
			productName = UITableViewCellHeight;
			productReference = 20FFD5BC237570F3006AF384 /* UITableViewCellHeight.app */;
			productType = "com.apple.product-type.application";
		};
/* End PBXNativeTarget section */

/* Begin PBXProject section */
		20FFD5B4237570F3006AF384 /* Project object */ = {
			isa = PBXProject;
			attributes = {
				LastSwiftUpdateCheck = 1120;
				LastUpgradeCheck = 1120;
				ORGANIZATIONNAME = mycompany;
				TargetAttributes = {
					20FFD5BB237570F3006AF384 = {
						CreatedOnToolsVersion = 11.2.1;
					};
				};
			};
			buildConfigurationList = 20FFD5B7237570F3006AF384 /* Build configuration list for PBXProject "UITableViewCellHeight" */;
			compatibilityVersion = "Xcode 9.3";
			developmentRegion = en;
			hasScannedForEncodings = 0;
			knownRegions = (
				en,
				Base,
			);
			mainGroup = 20FFD5B3237570F3006AF384;
			productRefGroup = 20FFD5BD237570F3006AF384 /* Products */;
			projectDirPath = "";
			projectRoot = "";
			targets = (
				20FFD5BB237570F3006AF384 /* UITableViewCellHeight */,
			);
		};
/* End PBXProject section */

/* Begin PBXResourcesBuildPhase section */
		20FFD5BA237570F3006AF384 /* Resources */ = {
			isa = PBXResourcesBuildPhase;
			buildActionMask = 2147483647;
			files = (
				20FFD5CC237570F6006AF384 /* LaunchScreen.storyboard in Resources */,
				20FFD5C9237570F6006AF384 /* Assets.xcassets in Resources */,
				20FFD5C7237570F3006AF384 /* Main.storyboard in Resources */,
			);
			runOnlyForDeploymentPostprocessing = 0;
		};
/* End PBXResourcesBuildPhase section */

/* Begin PBXSourcesBuildPhase section */
		20FFD5B8237570F3006AF384 /* Sources */ = {
			isa = PBXSourcesBuildPhase;
			buildActionMask = 2147483647;
			files = (
				20FFD5C4237570F3006AF384 /* ViewController.swift in Sources */,
				20FFD5C0237570F3006AF384 /* AppDelegate.swift in Sources */,
				20FFD5C2237570F3006AF384 /* SceneDelegate.swift in Sources */,
			);
			runOnlyForDeploymentPostprocessing = 0;
		};
/* End PBXSourcesBuildPhase section */

/* Begin PBXVariantGroup section */
		20FFD5C5237570F3006AF384 /* Main.storyboard */ = {
			isa = PBXVariantGroup;
			children = (
				20FFD5C6237570F3006AF384 /* Base */,
			);
			name = Main.storyboard;
			sourceTree = "<group>";
		};
		20FFD5CA237570F6006AF384 /* LaunchScreen.storyboard */ = {
			isa = PBXVariantGroup;
			children = (
				20FFD5CB237570F6006AF384 /* Base */,
			);
			name = LaunchScreen.storyboard;
			sourceTree = "<group>";
		};
/* End PBXVariantGroup section */

/* Begin XCBuildConfiguration section */
		20FFD5CE237570F6006AF384 /* Debug */ = {
			isa = XCBuildConfiguration;
			buildSettings = {
				ALWAYS_SEARCH_USER_PATHS = NO;
				CLANG_ANALYZER_NONNULL = YES;
				CLANG_ANALYZER_NUMBER_OBJECT_CONVERSION = YES_AGGRESSIVE;
				CLANG_CXX_LANGUAGE_STANDARD = "gnu++14";
				CLANG_CXX_LIBRARY = "libc++";
				CLANG_ENABLE_MODULES = YES;
				CLANG_ENABLE_OBJC_ARC = YES;
				CLANG_ENABLE_OBJC_WEAK = YES;
				CLANG_WARN_BLOCK_CAPTURE_AUTORELEASING = YES;
				CLANG_WARN_BOOL_CONVERSION = YES;
				CLANG_WARN_COMMA = YES;
				CLANG_WARN_CONSTANT_CONVERSION = YES;
				CLANG_WARN_DEPRECATED_OBJC_IMPLEMENTATIONS = YES;
				CLANG_WARN_DIRECT_OBJC_ISA_USAGE = YES_ERROR;
				CLANG_WARN_DOCUMENTATION_COMMENTS = YES;
				CLANG_WARN_EMPTY_BODY = YES;
				CLANG_WARN_ENUM_CONVERSION = YES;
				CLANG_WARN_INFINITE_RECURSION = YES;
				CLANG_WARN_INT_CONVERSION = YES;
				CLANG_WARN_NON_LITERAL_NULL_CONVERSION = YES;
				CLANG_WARN_OBJC_IMPLICIT_RETAIN_SELF = YES;
				CLANG_WARN_OBJC_LITERAL_CONVERSION = YES;
				CLANG_WARN_OBJC_ROOT_CLASS = YES_ERROR;
				CLANG_WARN_RANGE_LOOP_ANALYSIS = YES;
				CLANG_WARN_STRICT_PROTOTYPES = YES;
				CLANG_WARN_SUSPICIOUS_MOVE = YES;
				CLANG_WARN_UNGUARDED_AVAILABILITY = YES_AGGRESSIVE;
				CLANG_WARN_UNREACHABLE_CODE = YES;
				CLANG_WARN__DUPLICATE_METHOD_MATCH = YES;
				COPY_PHASE_STRIP = NO;
				DEBUG_INFORMATION_FORMAT = dwarf;
				ENABLE_STRICT_OBJC_MSGSEND = YES;
				ENABLE_TESTABILITY = YES;
				GCC_C_LANGUAGE_STANDARD = gnu11;
				GCC_DYNAMIC_NO_PIC = NO;
				GCC_NO_COMMON_BLOCKS = YES;
				GCC_OPTIMIZATION_LEVEL = 0;
				GCC_PREPROCESSOR_DEFINITIONS = (
					"DEBUG=1",
					"$(inherited)",
				);
				GCC_WARN_64_TO_32_BIT_CONVERSION = YES;
				GCC_WARN_ABOUT_RETURN_TYPE = YES_ERROR;
				GCC_WARN_UNDECLARED_SELECTOR = YES;
				GCC_WARN_UNINITIALIZED_AUTOS = YES_AGGRESSIVE;
				GCC_WARN_UNUSED_FUNCTION = YES;
				GCC_WARN_UNUSED_VARIABLE = YES;
				IPHONEOS_DEPLOYMENT_TARGET = 13.2;
				MTL_ENABLE_DEBUG_INFO = INCLUDE_SOURCE;
				MTL_FAST_MATH = YES;
				ONLY_ACTIVE_ARCH = YES;
				SDKROOT = iphoneos;
				SWIFT_ACTIVE_COMPILATION_CONDITIONS = DEBUG;
				SWIFT_OPTIMIZATION_LEVEL = "-Onone";
			};
			name = Debug;
		};
		20FFD5CF237570F6006AF384 /* Release */ = {
			isa = XCBuildConfiguration;
			buildSettings = {
				ALWAYS_SEARCH_USER_PATHS = NO;
				CLANG_ANALYZER_NONNULL = YES;
				CLANG_ANALYZER_NUMBER_OBJECT_CONVERSION = YES_AGGRESSIVE;
				CLANG_CXX_LANGUAGE_STANDARD = "gnu++14";
				CLANG_CXX_LIBRARY = "libc++";
				CLANG_ENABLE_MODULES = YES;
				CLANG_ENABLE_OBJC_ARC = YES;
				CLANG_ENABLE_OBJC_WEAK = YES;
				CLANG_WARN_BLOCK_CAPTURE_AUTORELEASING = YES;
				CLANG_WARN_BOOL_CONVERSION = YES;
				CLANG_WARN_COMMA = YES;
				CLANG_WARN_CONSTANT_CONVERSION = YES;
				CLANG_WARN_DEPRECATED_OBJC_IMPLEMENTATIONS = YES;
				CLANG_WARN_DIRECT_OBJC_ISA_USAGE = YES_ERROR;
				CLANG_WARN_DOCUMENTATION_COMMENTS = YES;
				CLANG_WARN_EMPTY_BODY = YES;
				CLANG_WARN_ENUM_CONVERSION = YES;
				CLANG_WARN_INFINITE_RECURSION = YES;
				CLANG_WARN_INT_CONVERSION = YES;
				CLANG_WARN_NON_LITERAL_NULL_CONVERSION = YES;
				CLANG_WARN_OBJC_IMPLICIT_RETAIN_SELF = YES;
				CLANG_WARN_OBJC_LITERAL_CONVERSION = YES;
				CLANG_WARN_OBJC_ROOT_CLASS = YES_ERROR;
				CLANG_WARN_RANGE_LOOP_ANALYSIS = YES;
				CLANG_WARN_STRICT_PROTOTYPES = YES;
				CLANG_WARN_SUSPICIOUS_MOVE = YES;
				CLANG_WARN_UNGUARDED_AVAILABILITY = YES_AGGRESSIVE;
				CLANG_WARN_UNREACHABLE_CODE = YES;
				CLANG_WARN__DUPLICATE_METHOD_MATCH = YES;
				COPY_PHASE_STRIP = NO;
				DEBUG_INFORMATION_FORMAT = "dwarf-with-dsym";
				ENABLE_NS_ASSERTIONS = NO;
				ENABLE_STRICT_OBJC_MSGSEND = YES;
				GCC_C_LANGUAGE_STANDARD = gnu11;
				GCC_NO_COMMON_BLOCKS = YES;
				GCC_WARN_64_TO_32_BIT_CONVERSION = YES;
				GCC_WARN_ABOUT_RETURN_TYPE = YES_ERROR;
				GCC_WARN_UNDECLARED_SELECTOR = YES;
				GCC_WARN_UNINITIALIZED_AUTOS = YES_AGGRESSIVE;
				GCC_WARN_UNUSED_FUNCTION = YES;
				GCC_WARN_UNUSED_VARIABLE = YES;
				IPHONEOS_DEPLOYMENT_TARGET = 13.2;
				MTL_ENABLE_DEBUG_INFO = NO;
				MTL_FAST_MATH = YES;
				SDKROOT = iphoneos;
				SWIFT_COMPILATION_MODE = wholemodule;
				SWIFT_OPTIMIZATION_LEVEL = "-O";
				VALIDATE_PRODUCT = YES;
			};
			name = Release;
		};
		20FFD5D1237570F6006AF384 /* Debug */ = {
			isa = XCBuildConfiguration;
			buildSettings = {
				ASSETCATALOG_COMPILER_APPICON_NAME = AppIcon;
				CODE_SIGN_STYLE = Automatic;
				DEVELOPMENT_TEAM = MYTEAMID;
				INFOPLIST_FILE = UITableViewCellHeight/Info.plist;
				LD_RUNPATH_SEARCH_PATHS = (
					"$(inherited)",
					"@executable_path/Frameworks",
				);
				PRODUCT_BUNDLE_IDENTIFIER = com.example.UITableViewCellHeight;
				PRODUCT_NAME = "$(TARGET_NAME)";
				SWIFT_VERSION = 5.0;
				TARGETED_DEVICE_FAMILY = "1,2";
			};
			name = Debug;
		};
		20FFD5D2237570F6006AF384 /* Release */ = {
			isa = XCBuildConfiguration;
			buildSettings = {
				ASSETCATALOG_COMPILER_APPICON_NAME = AppIcon;
				CODE_SIGN_STYLE = Automatic;
				DEVELOPMENT_TEAM = MYTEAMID;
				INFOPLIST_FILE = UITableViewCellHeight/Info.plist;
				LD_RUNPATH_SEARCH_PATHS = (
					"$(inherited)",
					"@executable_path/Frameworks",
				);
				PRODUCT_BUNDLE_IDENTIFIER = com.example.UITableViewCellHeight;
				PRODUCT_NAME = "$(TARGET_NAME)";
				SWIFT_VERSION = 5.0;
				TARGETED_DEVICE_FAMILY = "1,2";
			};
			name = Release;
		};
/* End XCBuildConfiguration section */

/* Begin XCConfigurationList section */
		20FFD5B7237570F3006AF384 /* Build configuration list for PBXProject "UITableViewCellHeight" */ = {
			isa = XCConfigurationList;
			buildConfigurations = (
				20FFD5CE237570F6006AF384 /* Debug */,
				20FFD5CF237570F6006AF384 /* Release */,
			);
			defaultConfigurationIsVisible = 0;
			defaultConfigurationName = Release;
		};
		20FFD5D0237570F6006AF384 /* Build configuration list for PBXNativeTarget "UITableViewCellHeight" */ = {
			isa = XCConfigurationList;
			buildConfigurations = (
				20FFD5D1237570F6006AF384 /* Debug */,
				20FFD5D2237570F6006AF384 /* Release */,
			);
			defaultConfigurationIsVisible = 0;
			defaultConfigurationName = Release;
		};
/* End XCConfigurationList section */
	};
	rootObject = 20FFD5B4237570F3006AF384 /* Project object */;
}
